// !$*UTF8*$!
{
	archiveVersion = 1;
	classes = {
	};
	objectVersion = 50;
	objects = {

/* Begin PBXBuildFile section */
		A2029D2E26704F5300092733 /* AppDelegate.swift in Sources */ = {isa = PBXBuildFile; fileRef = A2029D2D26704F5300092733 /* AppDelegate.swift */; };
		A2029D3026704F5300092733 /* SceneDelegate.swift in Sources */ = {isa = PBXBuildFile; fileRef = A2029D2F26704F5300092733 /* SceneDelegate.swift */; };
		A2029D3226704F5300092733 /* ViewController.swift in Sources */ = {isa = PBXBuildFile; fileRef = A2029D3126704F5300092733 /* ViewController.swift */; };
		A2029D3526704F5300092733 /* Main.storyboard in Resources */ = {isa = PBXBuildFile; fileRef = A2029D3326704F5300092733 /* Main.storyboard */; };
		A2029D3726704F5400092733 /* Assets.xcassets in Resources */ = {isa = PBXBuildFile; fileRef = A2029D3626704F5400092733 /* Assets.xcassets */; };
		A2029D3A26704F5400092733 /* LaunchScreen.storyboard in Resources */ = {isa = PBXBuildFile; fileRef = A2029D3826704F5400092733 /* LaunchScreen.storyboard */; };
		A2029D4526704F5400092733 /* HomeworkAssignment6XcodeTests.swift in Sources */ = {isa = PBXBuildFile; fileRef = A2029D4426704F5400092733 /* HomeworkAssignment6XcodeTests.swift */; };
		A2029D5026704F5400092733 /* HomeworkAssignment6XcodeUITests.swift in Sources */ = {isa = PBXBuildFile; fileRef = A2029D4F26704F5400092733 /* HomeworkAssignment6XcodeUITests.swift */; };
/* End PBXBuildFile section */

/* Begin PBXContainerItemProxy section */
		A2029D4126704F5400092733 /* PBXContainerItemProxy */ = {
			isa = PBXContainerItemProxy;
			containerPortal = A2029D2226704F5300092733 /* Project object */;
			proxyType = 1;
			remoteGlobalIDString = A2029D2926704F5300092733;
			remoteInfo = HomeworkAssignment6Xcode;
		};
		A2029D4C26704F5400092733 /* PBXContainerItemProxy */ = {
			isa = PBXContainerItemProxy;
			containerPortal = A2029D2226704F5300092733 /* Project object */;
			proxyType = 1;
			remoteGlobalIDString = A2029D2926704F5300092733;
			remoteInfo = HomeworkAssignment6Xcode;
		};
/* End PBXContainerItemProxy section */

/* Begin PBXFileReference section */
		A2029D2A26704F5300092733 /* HomeworkAssignment6Xcode.app */ = {isa = PBXFileReference; explicitFileType = wrapper.application; includeInIndex = 0; path = HomeworkAssignment6Xcode.app; sourceTree = BUILT_PRODUCTS_DIR; };
		A2029D2D26704F5300092733 /* AppDelegate.swift */ = {isa = PBXFileReference; lastKnownFileType = sourcecode.swift; path = AppDelegate.swift; sourceTree = "<group>"; };
		A2029D2F26704F5300092733 /* SceneDelegate.swift */ = {isa = PBXFileReference; lastKnownFileType = sourcecode.swift; path = SceneDelegate.swift; sourceTree = "<group>"; };
		A2029D3126704F5300092733 /* ViewController.swift */ = {isa = PBXFileReference; lastKnownFileType = sourcecode.swift; path = ViewController.swift; sourceTree = "<group>"; };
		A2029D3426704F5300092733 /* Base */ = {isa = PBXFileReference; lastKnownFileType = file.storyboard; name = Base; path = Base.lproj/Main.storyboard; sourceTree = "<group>"; };
		A2029D3626704F5400092733 /* Assets.xcassets */ = {isa = PBXFileReference; lastKnownFileType = folder.assetcatalog; path = Assets.xcassets; sourceTree = "<group>"; };
		A2029D3926704F5400092733 /* Base */ = {isa = PBXFileReference; lastKnownFileType = file.storyboard; name = Base; path = Base.lproj/LaunchScreen.storyboard; sourceTree = "<group>"; };
		A2029D3B26704F5400092733 /* Info.plist */ = {isa = PBXFileReference; lastKnownFileType = text.plist.xml; path = Info.plist; sourceTree = "<group>"; };
		A2029D4026704F5400092733 /* HomeworkAssignment6XcodeTests.xctest */ = {isa = PBXFileReference; explicitFileType = wrapper.cfbundle; includeInIndex = 0; path = HomeworkAssignment6XcodeTests.xctest; sourceTree = BUILT_PRODUCTS_DIR; };
		A2029D4426704F5400092733 /* HomeworkAssignment6XcodeTests.swift */ = {isa = PBXFileReference; lastKnownFileType = sourcecode.swift; path = HomeworkAssignment6XcodeTests.swift; sourceTree = "<group>"; };
		A2029D4626704F5400092733 /* Info.plist */ = {isa = PBXFileReference; lastKnownFileType = text.plist.xml; path = Info.plist; sourceTree = "<group>"; };
		A2029D4B26704F5400092733 /* HomeworkAssignment6XcodeUITests.xctest */ = {isa = PBXFileReference; explicitFileType = wrapper.cfbundle; includeInIndex = 0; path = HomeworkAssignment6XcodeUITests.xctest; sourceTree = BUILT_PRODUCTS_DIR; };
		A2029D4F26704F5400092733 /* HomeworkAssignment6XcodeUITests.swift */ = {isa = PBXFileReference; lastKnownFileType = sourcecode.swift; path = HomeworkAssignment6XcodeUITests.swift; sourceTree = "<group>"; };
		A2029D5126704F5400092733 /* Info.plist */ = {isa = PBXFileReference; lastKnownFileType = text.plist.xml; path = Info.plist; sourceTree = "<group>"; };
/* End PBXFileReference section */

/* Begin PBXFrameworksBuildPhase section */
		A2029D2726704F5300092733 /* Frameworks */ = {
			isa = PBXFrameworksBuildPhase;
			buildActionMask = 2147483647;
			files = (
			);
			runOnlyForDeploymentPostprocessing = 0;
		};
		A2029D3D26704F5400092733 /* Frameworks */ = {
			isa = PBXFrameworksBuildPhase;
			buildActionMask = 2147483647;
			files = (
			);
			runOnlyForDeploymentPostprocessing = 0;
		};
		A2029D4826704F5400092733 /* Frameworks */ = {
			isa = PBXFrameworksBuildPhase;
			buildActionMask = 2147483647;
			files = (
			);
			runOnlyForDeploymentPostprocessing = 0;
		};
/* End PBXFrameworksBuildPhase section */

/* Begin PBXGroup section */
		A2029D2126704F5300092733 = {
			isa = PBXGroup;
			children = (
				A2029D2C26704F5300092733 /* HomeworkAssignment6Xcode */,
				A2029D4326704F5400092733 /* HomeworkAssignment6XcodeTests */,
				A2029D4E26704F5400092733 /* HomeworkAssignment6XcodeUITests */,
				A2029D2B26704F5300092733 /* Products */,
			);
			sourceTree = "<group>";
		};
		A2029D2B26704F5300092733 /* Products */ = {
			isa = PBXGroup;
			children = (
				A2029D2A26704F5300092733 /* HomeworkAssignment6Xcode.app */,
				A2029D4026704F5400092733 /* HomeworkAssignment6XcodeTests.xctest */,
				A2029D4B26704F5400092733 /* HomeworkAssignment6XcodeUITests.xctest */,
			);
			name = Products;
			sourceTree = "<group>";
		};
		A2029D2C26704F5300092733 /* HomeworkAssignment6Xcode */ = {
			isa = PBXGroup;
			children = (
				A2029D2D26704F5300092733 /* AppDelegate.swift */,
				A2029D2F26704F5300092733 /* SceneDelegate.swift */,
				A2029D3126704F5300092733 /* ViewController.swift */,
				A2029D3326704F5300092733 /* Main.storyboard */,
				A2029D3626704F5400092733 /* Assets.xcassets */,
				A2029D3826704F5400092733 /* LaunchScreen.storyboard */,
				A2029D3B26704F5400092733 /* Info.plist */,
			);
			path = HomeworkAssignment6Xcode;
			sourceTree = "<group>";
		};
		A2029D4326704F5400092733 /* HomeworkAssignment6XcodeTests */ = {
			isa = PBXGroup;
			children = (
				A2029D4426704F5400092733 /* HomeworkAssignment6XcodeTests.swift */,
				A2029D4626704F5400092733 /* Info.plist */,
			);
			path = HomeworkAssignment6XcodeTests;
			sourceTree = "<group>";
		};
		A2029D4E26704F5400092733 /* HomeworkAssignment6XcodeUITests */ = {
			isa = PBXGroup;
			children = (
				A2029D4F26704F5400092733 /* HomeworkAssignment6XcodeUITests.swift */,
				A2029D5126704F5400092733 /* Info.plist */,
			);
			path = HomeworkAssignment6XcodeUITests;
			sourceTree = "<group>";
		};
/* End PBXGroup section */

/* Begin PBXNativeTarget section */
		A2029D2926704F5300092733 /* HomeworkAssignment6Xcode */ = {
			isa = PBXNativeTarget;
			buildConfigurationList = A2029D5426704F5400092733 /* Build configuration list for PBXNativeTarget "HomeworkAssignment6Xcode" */;
			buildPhases = (
				A2029D2626704F5300092733 /* Sources */,
				A2029D2726704F5300092733 /* Frameworks */,
				A2029D2826704F5300092733 /* Resources */,
			);
			buildRules = (
			);
			dependencies = (
			);
			name = HomeworkAssignment6Xcode;
			productName = HomeworkAssignment6Xcode;
			productReference = A2029D2A26704F5300092733 /* HomeworkAssignment6Xcode.app */;
			productType = "com.apple.product-type.application";
		};
		A2029D3F26704F5400092733 /* HomeworkAssignment6XcodeTests */ = {
			isa = PBXNativeTarget;
			buildConfigurationList = A2029D5726704F5400092733 /* Build configuration list for PBXNativeTarget "HomeworkAssignment6XcodeTests" */;
			buildPhases = (
				A2029D3C26704F5400092733 /* Sources */,
				A2029D3D26704F5400092733 /* Frameworks */,
				A2029D3E26704F5400092733 /* Resources */,
			);
			buildRules = (
			);
			dependencies = (
				A2029D4226704F5400092733 /* PBXTargetDependency */,
			);
			name = HomeworkAssignment6XcodeTests;
			productName = HomeworkAssignment6XcodeTests;
			productReference = A2029D4026704F5400092733 /* HomeworkAssignment6XcodeTests.xctest */;
			productType = "com.apple.product-type.bundle.unit-test";
		};
		A2029D4A26704F5400092733 /* HomeworkAssignment6XcodeUITests */ = {
			isa = PBXNativeTarget;
			buildConfigurationList = A2029D5A26704F5400092733 /* Build configuration list for PBXNativeTarget "HomeworkAssignment6XcodeUITests" */;
			buildPhases = (
				A2029D4726704F5400092733 /* Sources */,
				A2029D4826704F5400092733 /* Frameworks */,
				A2029D4926704F5400092733 /* Resources */,
			);
			buildRules = (
			);
			dependencies = (
				A2029D4D26704F5400092733 /* PBXTargetDependency */,
			);
			name = HomeworkAssignment6XcodeUITests;
			productName = HomeworkAssignment6XcodeUITests;
			productReference = A2029D4B26704F5400092733 /* HomeworkAssignment6XcodeUITests.xctest */;
			productType = "com.apple.product-type.bundle.ui-testing";
		};
/* End PBXNativeTarget section */

/* Begin PBXProject section */
		A2029D2226704F5300092733 /* Project object */ = {
			isa = PBXProject;
			attributes = {
				LastSwiftUpdateCheck = 1240;
				LastUpgradeCheck = 1240;
				TargetAttributes = {
					A2029D2926704F5300092733 = {
						CreatedOnToolsVersion = 12.4;
					};
					A2029D3F26704F5400092733 = {
						CreatedOnToolsVersion = 12.4;
						TestTargetID = A2029D2926704F5300092733;
					};
					A2029D4A26704F5400092733 = {
						CreatedOnToolsVersion = 12.4;
						TestTargetID = A2029D2926704F5300092733;
					};
				};
			};
			buildConfigurationList = A2029D2526704F5300092733 /* Build configuration list for PBXProject "HomeworkAssignment6Xcode" */;
			compatibilityVersion = "Xcode 9.3";
			developmentRegion = en;
			hasScannedForEncodings = 0;
			knownRegions = (
				en,
				Base,
			);
			mainGroup = A2029D2126704F5300092733;
			productRefGroup = A2029D2B26704F5300092733 /* Products */;
			projectDirPath = "";
			projectRoot = "";
			targets = (
				A2029D2926704F5300092733 /* HomeworkAssignment6Xcode */,
				A2029D3F26704F5400092733 /* HomeworkAssignment6XcodeTests */,
				A2029D4A26704F5400092733 /* HomeworkAssignment6XcodeUITests */,
			);
		};
/* End PBXProject section */

/* Begin PBXResourcesBuildPhase section */
		A2029D2826704F5300092733 /* Resources */ = {
			isa = PBXResourcesBuildPhase;
			buildActionMask = 2147483647;
			files = (
				A2029D3A26704F5400092733 /* LaunchScreen.storyboard in Resources */,
				A2029D3726704F5400092733 /* Assets.xcassets in Resources */,
				A2029D3526704F5300092733 /* Main.storyboard in Resources */,
			);
			runOnlyForDeploymentPostprocessing = 0;
		};
		A2029D3E26704F5400092733 /* Resources */ = {
			isa = PBXResourcesBuildPhase;
			buildActionMask = 2147483647;
			files = (
			);
			runOnlyForDeploymentPostprocessing = 0;
		};
		A2029D4926704F5400092733 /* Resources */ = {
			isa = PBXResourcesBuildPhase;
			buildActionMask = 2147483647;
			files = (
			);
			runOnlyForDeploymentPostprocessing = 0;
		};
/* End PBXResourcesBuildPhase section */

/* Begin PBXSourcesBuildPhase section */
		A2029D2626704F5300092733 /* Sources */ = {
			isa = PBXSourcesBuildPhase;
			buildActionMask = 2147483647;
			files = (
				A2029D3226704F5300092733 /* ViewController.swift in Sources */,
				A2029D2E26704F5300092733 /* AppDelegate.swift in Sources */,
				A2029D3026704F5300092733 /* SceneDelegate.swift in Sources */,
			);
			runOnlyForDeploymentPostprocessing = 0;
		};
		A2029D3C26704F5400092733 /* Sources */ = {
			isa = PBXSourcesBuildPhase;
			buildActionMask = 2147483647;
			files = (
				A2029D4526704F5400092733 /* HomeworkAssignment6XcodeTests.swift in Sources */,
			);
			runOnlyForDeploymentPostprocessing = 0;
		};
		A2029D4726704F5400092733 /* Sources */ = {
			isa = PBXSourcesBuildPhase;
			buildActionMask = 2147483647;
			files = (
				A2029D5026704F5400092733 /* HomeworkAssignment6XcodeUITests.swift in Sources */,
			);
			runOnlyForDeploymentPostprocessing = 0;
		};
/* End PBXSourcesBuildPhase section */

/* Begin PBXTargetDependency section */
		A2029D4226704F5400092733 /* PBXTargetDependency */ = {
			isa = PBXTargetDependency;
			target = A2029D2926704F5300092733 /* HomeworkAssignment6Xcode */;
			targetProxy = A2029D4126704F5400092733 /* PBXContainerItemProxy */;
		};
		A2029D4D26704F5400092733 /* PBXTargetDependency */ = {
			isa = PBXTargetDependency;
			target = A2029D2926704F5300092733 /* HomeworkAssignment6Xcode */;
			targetProxy = A2029D4C26704F5400092733 /* PBXContainerItemProxy */;
		};
/* End PBXTargetDependency section */

/* Begin PBXVariantGroup section */
		A2029D3326704F5300092733 /* Main.storyboard */ = {
			isa = PBXVariantGroup;
			children = (
				A2029D3426704F5300092733 /* Base */,
			);
			name = Main.storyboard;
			sourceTree = "<group>";
		};
		A2029D3826704F5400092733 /* LaunchScreen.storyboard */ = {
			isa = PBXVariantGroup;
			children = (
				A2029D3926704F5400092733 /* Base */,
			);
			name = LaunchScreen.storyboard;
			sourceTree = "<group>";
		};
/* End PBXVariantGroup section */

/* Begin XCBuildConfiguration section */
		A2029D5226704F5400092733 /* Debug */ = {
			isa = XCBuildConfiguration;
			buildSettings = {
				ALWAYS_SEARCH_USER_PATHS = NO;
				CLANG_ANALYZER_NONNULL = YES;
				CLANG_ANALYZER_NUMBER_OBJECT_CONVERSION = YES_AGGRESSIVE;
				CLANG_CXX_LANGUAGE_STANDARD = "gnu++14";
				CLANG_CXX_LIBRARY = "libc++";
				CLANG_ENABLE_MODULES = YES;
				CLANG_ENABLE_OBJC_ARC = YES;
				CLANG_ENABLE_OBJC_WEAK = YES;
				CLANG_WARN_BLOCK_CAPTURE_AUTORELEASING = YES;
				CLANG_WARN_BOOL_CONVERSION = YES;
				CLANG_WARN_COMMA = YES;
				CLANG_WARN_CONSTANT_CONVERSION = YES;
				CLANG_WARN_DEPRECATED_OBJC_IMPLEMENTATIONS = YES;
				CLANG_WARN_DIRECT_OBJC_ISA_USAGE = YES_ERROR;
				CLANG_WARN_DOCUMENTATION_COMMENTS = YES;
				CLANG_WARN_EMPTY_BODY = YES;
				CLANG_WARN_ENUM_CONVERSION = YES;
				CLANG_WARN_INFINITE_RECURSION = YES;
				CLANG_WARN_INT_CONVERSION = YES;
				CLANG_WARN_NON_LITERAL_NULL_CONVERSION = YES;
				CLANG_WARN_OBJC_IMPLICIT_RETAIN_SELF = YES;
				CLANG_WARN_OBJC_LITERAL_CONVERSION = YES;
				CLANG_WARN_OBJC_ROOT_CLASS = YES_ERROR;
				CLANG_WARN_QUOTED_INCLUDE_IN_FRAMEWORK_HEADER = YES;
				CLANG_WARN_RANGE_LOOP_ANALYSIS = YES;
				CLANG_WARN_STRICT_PROTOTYPES = YES;
				CLANG_WARN_SUSPICIOUS_MOVE = YES;
				CLANG_WARN_UNGUARDED_AVAILABILITY = YES_AGGRESSIVE;
				CLANG_WARN_UNREACHABLE_CODE = YES;
				CLANG_WARN__DUPLICATE_METHOD_MATCH = YES;
				COPY_PHASE_STRIP = NO;
				DEBUG_INFORMATION_FORMAT = dwarf;
				ENABLE_STRICT_OBJC_MSGSEND = YES;
				ENABLE_TESTABILITY = YES;
				GCC_C_LANGUAGE_STANDARD = gnu11;
				GCC_DYNAMIC_NO_PIC = NO;
				GCC_NO_COMMON_BLOCKS = YES;
				GCC_OPTIMIZATION_LEVEL = 0;
				GCC_PREPROCESSOR_DEFINITIONS = (
					"DEBUG=1",
					"$(inherited)",
				);
				GCC_WARN_64_TO_32_BIT_CONVERSION = YES;
				GCC_WARN_ABOUT_RETURN_TYPE = YES_ERROR;
				GCC_WARN_UNDECLARED_SELECTOR = YES;
				GCC_WARN_UNINITIALIZED_AUTOS = YES_AGGRESSIVE;
				GCC_WARN_UNUSED_FUNCTION = YES;
				GCC_WARN_UNUSED_VARIABLE = YES;
				IPHONEOS_DEPLOYMENT_TARGET = 14.4;
				MTL_ENABLE_DEBUG_INFO = INCLUDE_SOURCE;
				MTL_FAST_MATH = YES;
				ONLY_ACTIVE_ARCH = YES;
				SDKROOT = iphoneos;
				SWIFT_ACTIVE_COMPILATION_CONDITIONS = DEBUG;
				SWIFT_OPTIMIZATION_LEVEL = "-Onone";
			};
			name = Debug;
		};
		A2029D5326704F5400092733 /* Release */ = {
			isa = XCBuildConfiguration;
			buildSettings = {
				ALWAYS_SEARCH_USER_PATHS = NO;
				CLANG_ANALYZER_NONNULL = YES;
				CLANG_ANALYZER_NUMBER_OBJECT_CONVERSION = YES_AGGRESSIVE;
				CLANG_CXX_LANGUAGE_STANDARD = "gnu++14";
				CLANG_CXX_LIBRARY = "libc++";
				CLANG_ENABLE_MODULES = YES;
				CLANG_ENABLE_OBJC_ARC = YES;
				CLANG_ENABLE_OBJC_WEAK = YES;
				CLANG_WARN_BLOCK_CAPTURE_AUTORELEASING = YES;
				CLANG_WARN_BOOL_CONVERSION = YES;
				CLANG_WARN_COMMA = YES;
				CLANG_WARN_CONSTANT_CONVERSION = YES;
				CLANG_WARN_DEPRECATED_OBJC_IMPLEMENTATIONS = YES;
				CLANG_WARN_DIRECT_OBJC_ISA_USAGE = YES_ERROR;
				CLANG_WARN_DOCUMENTATION_COMMENTS = YES;
				CLANG_WARN_EMPTY_BODY = YES;
				CLANG_WARN_ENUM_CONVERSION = YES;
				CLANG_WARN_INFINITE_RECURSION = YES;
				CLANG_WARN_INT_CONVERSION = YES;
				CLANG_WARN_NON_LITERAL_NULL_CONVERSION = YES;
				CLANG_WARN_OBJC_IMPLICIT_RETAIN_SELF = YES;
				CLANG_WARN_OBJC_LITERAL_CONVERSION = YES;
				CLANG_WARN_OBJC_ROOT_CLASS = YES_ERROR;
				CLANG_WARN_QUOTED_INCLUDE_IN_FRAMEWORK_HEADER = YES;
				CLANG_WARN_RANGE_LOOP_ANALYSIS = YES;
				CLANG_WARN_STRICT_PROTOTYPES = YES;
				CLANG_WARN_SUSPICIOUS_MOVE = YES;
				CLANG_WARN_UNGUARDED_AVAILABILITY = YES_AGGRESSIVE;
				CLANG_WARN_UNREACHABLE_CODE = YES;
				CLANG_WARN__DUPLICATE_METHOD_MATCH = YES;
				COPY_PHASE_STRIP = NO;
				DEBUG_INFORMATION_FORMAT = "dwarf-with-dsym";
				ENABLE_NS_ASSERTIONS = NO;
				ENABLE_STRICT_OBJC_MSGSEND = YES;
				GCC_C_LANGUAGE_STANDARD = gnu11;
				GCC_NO_COMMON_BLOCKS = YES;
				GCC_WARN_64_TO_32_BIT_CONVERSION = YES;
				GCC_WARN_ABOUT_RETURN_TYPE = YES_ERROR;
				GCC_WARN_UNDECLARED_SELECTOR = YES;
				GCC_WARN_UNINITIALIZED_AUTOS = YES_AGGRESSIVE;
				GCC_WARN_UNUSED_FUNCTION = YES;
				GCC_WARN_UNUSED_VARIABLE = YES;
				IPHONEOS_DEPLOYMENT_TARGET = 14.4;
				MTL_ENABLE_DEBUG_INFO = NO;
				MTL_FAST_MATH = YES;
				SDKROOT = iphoneos;
				SWIFT_COMPILATION_MODE = wholemodule;
				SWIFT_OPTIMIZATION_LEVEL = "-O";
				VALIDATE_PRODUCT = YES;
			};
			name = Release;
		};
		A2029D5526704F5400092733 /* Debug */ = {
			isa = XCBuildConfiguration;
			buildSettings = {
				ASSETCATALOG_COMPILER_APPICON_NAME = AppIcon;
				ASSETCATALOG_COMPILER_GLOBAL_ACCENT_COLOR_NAME = AccentColor;
				CODE_SIGN_STYLE = Automatic;
				INFOPLIST_FILE = HomeworkAssignment6Xcode/Info.plist;
				LD_RUNPATH_SEARCH_PATHS = (
					"$(inherited)",
					"@executable_path/Frameworks",
				);
				PRODUCT_BUNDLE_IDENTIFIER = com.myApps.HomeworkAssignment6Xcode;
				PRODUCT_NAME = "$(TARGET_NAME)";
				SWIFT_VERSION = 5.0;
				TARGETED_DEVICE_FAMILY = "1,2";
			};
			name = Debug;
		};
		A2029D5626704F5400092733 /* Release */ = {
			isa = XCBuildConfiguration;
			buildSettings = {
				ASSETCATALOG_COMPILER_APPICON_NAME = AppIcon;
				ASSETCATALOG_COMPILER_GLOBAL_ACCENT_COLOR_NAME = AccentColor;
				CODE_SIGN_STYLE = Automatic;
				INFOPLIST_FILE = HomeworkAssignment6Xcode/Info.plist;
				LD_RUNPATH_SEARCH_PATHS = (
					"$(inherited)",
					"@executable_path/Frameworks",
				);
				PRODUCT_BUNDLE_IDENTIFIER = com.myApps.HomeworkAssignment6Xcode;
				PRODUCT_NAME = "$(TARGET_NAME)";
				SWIFT_VERSION = 5.0;
				TARGETED_DEVICE_FAMILY = "1,2";
			};
			name = Release;
		};
		A2029D5826704F5400092733 /* Debug */ = {
			isa = XCBuildConfiguration;
			buildSettings = {
				ALWAYS_EMBED_SWIFT_STANDARD_LIBRARIES = YES;
				BUNDLE_LOADER = "$(TEST_HOST)";
				CODE_SIGN_STYLE = Automatic;
				INFOPLIST_FILE = HomeworkAssignment6XcodeTests/Info.plist;
				IPHONEOS_DEPLOYMENT_TARGET = 14.4;
				LD_RUNPATH_SEARCH_PATHS = (
					"$(inherited)",
					"@executable_path/Frameworks",
					"@loader_path/Frameworks",
				);
				PRODUCT_BUNDLE_IDENTIFIER = com.myApps.HomeworkAssignment6XcodeTests;
				PRODUCT_NAME = "$(TARGET_NAME)";
				SWIFT_VERSION = 5.0;
				TARGETED_DEVICE_FAMILY = "1,2";
				TEST_HOST = "$(BUILT_PRODUCTS_DIR)/HomeworkAssignment6Xcode.app/HomeworkAssignment6Xcode";
			};
			name = Debug;
		};
		A2029D5926704F5400092733 /* Release */ = {
			isa = XCBuildConfiguration;
			buildSettings = {
				ALWAYS_EMBED_SWIFT_STANDARD_LIBRARIES = YES;
				BUNDLE_LOADER = "$(TEST_HOST)";
				CODE_SIGN_STYLE = Automatic;
				INFOPLIST_FILE = HomeworkAssignment6XcodeTests/Info.plist;
				IPHONEOS_DEPLOYMENT_TARGET = 14.4;
				LD_RUNPATH_SEARCH_PATHS = (
					"$(inherited)",
					"@executable_path/Frameworks",
					"@loader_path/Frameworks",
				);
				PRODUCT_BUNDLE_IDENTIFIER = com.myApps.HomeworkAssignment6XcodeTests;
				PRODUCT_NAME = "$(TARGET_NAME)";
				SWIFT_VERSION = 5.0;
				TARGETED_DEVICE_FAMILY = "1,2";
				TEST_HOST = "$(BUILT_PRODUCTS_DIR)/HomeworkAssignment6Xcode.app/HomeworkAssignment6Xcode";
			};
			name = Release;
		};
		A2029D5B26704F5400092733 /* Debug */ = {
			isa = XCBuildConfiguration;
			buildSettings = {
				ALWAYS_EMBED_SWIFT_STANDARD_LIBRARIES = YES;
				CODE_SIGN_STYLE = Automatic;
				INFOPLIST_FILE = HomeworkAssignment6XcodeUITests/Info.plist;
				LD_RUNPATH_SEARCH_PATHS = (
					"$(inherited)",
					"@executable_path/Frameworks",
					"@loader_path/Frameworks",
				);
				PRODUCT_BUNDLE_IDENTIFIER = com.myApps.HomeworkAssignment6XcodeUITests;
				PRODUCT_NAME = "$(TARGET_NAME)";
				SWIFT_VERSION = 5.0;
				TARGETED_DEVICE_FAMILY = "1,2";
				TEST_TARGET_NAME = HomeworkAssignment6Xcode;
			};
			name = Debug;
		};
		A2029D5C26704F5400092733 /* Release */ = {
			isa = XCBuildConfiguration;
			buildSettings = {
				ALWAYS_EMBED_SWIFT_STANDARD_LIBRARIES = YES;
				CODE_SIGN_STYLE = Automatic;
				INFOPLIST_FILE = HomeworkAssignment6XcodeUITests/Info.plist;
				LD_RUNPATH_SEARCH_PATHS = (
					"$(inherited)",
					"@executable_path/Frameworks",
					"@loader_path/Frameworks",
				);
				PRODUCT_BUNDLE_IDENTIFIER = com.myApps.HomeworkAssignment6XcodeUITests;
				PRODUCT_NAME = "$(TARGET_NAME)";
				SWIFT_VERSION = 5.0;
				TARGETED_DEVICE_FAMILY = "1,2";
				TEST_TARGET_NAME = HomeworkAssignment6Xcode;
			};
			name = Release;
		};
/* End XCBuildConfiguration section */

/* Begin XCConfigurationList section */
		A2029D2526704F5300092733 /* Build configuration list for PBXProject "HomeworkAssignment6Xcode" */ = {
			isa = XCConfigurationList;
			buildConfigurations = (
				A2029D5226704F5400092733 /* Debug */,
				A2029D5326704F5400092733 /* Release */,
			);
			defaultConfigurationIsVisible = 0;
			defaultConfigurationName = Release;
		};
		A2029D5426704F5400092733 /* Build configuration list for PBXNativeTarget "HomeworkAssignment6Xcode" */ = {
			isa = XCConfigurationList;
			buildConfigurations = (
				A2029D5526704F5400092733 /* Debug */,
				A2029D5626704F5400092733 /* Release */,
			);
			defaultConfigurationIsVisible = 0;
			defaultConfigurationName = Release;
		};
		A2029D5726704F5400092733 /* Build configuration list for PBXNativeTarget "HomeworkAssignment6XcodeTests" */ = {
			isa = XCConfigurationList;
			buildConfigurations = (
				A2029D5826704F5400092733 /* Debug */,
				A2029D5926704F5400092733 /* Release */,
			);
			defaultConfigurationIsVisible = 0;
			defaultConfigurationName = Release;
		};
		A2029D5A26704F5400092733 /* Build configuration list for PBXNativeTarget "HomeworkAssignment6XcodeUITests" */ = {
			isa = XCConfigurationList;
			buildConfigurations = (
				A2029D5B26704F5400092733 /* Debug */,
				A2029D5C26704F5400092733 /* Release */,
			);
			defaultConfigurationIsVisible = 0;
			defaultConfigurationName = Release;
		};
/* End XCConfigurationList section */
	};
	rootObject = A2029D2226704F5300092733 /* Project object */;
}
