// !$*UTF8*$!
{
	archiveVersion = 1;
	classes = {
	};
	objectVersion = 50;
	objects = {

/* Begin PBXBuildFile section */
		A2A0DAAE268640F400A9022A /* AppDelegate.swift in Sources */ = {isa = PBXBuildFile; fileRef = A2A0DAAD268640F400A9022A /* AppDelegate.swift */; };
		A2A0DAB0268640F400A9022A /* SceneDelegate.swift in Sources */ = {isa = PBXBuildFile; fileRef = A2A0DAAF268640F400A9022A /* SceneDelegate.swift */; };
		A2A0DAB2268640F400A9022A /* ViewController.swift in Sources */ = {isa = PBXBuildFile; fileRef = A2A0DAB1268640F400A9022A /* ViewController.swift */; };
		A2A0DAB5268640F400A9022A /* Main.storyboard in Resources */ = {isa = PBXBuildFile; fileRef = A2A0DAB3268640F400A9022A /* Main.storyboard */; };
		A2A0DAB7268640F500A9022A /* Assets.xcassets in Resources */ = {isa = PBXBuildFile; fileRef = A2A0DAB6268640F500A9022A /* Assets.xcassets */; };
		A2A0DABA268640F500A9022A /* LaunchScreen.storyboard in Resources */ = {isa = PBXBuildFile; fileRef = A2A0DAB8268640F500A9022A /* LaunchScreen.storyboard */; };
		A2A0DAC5268640F500A9022A /* StopwatchTests.swift in Sources */ = {isa = PBXBuildFile; fileRef = A2A0DAC4268640F500A9022A /* StopwatchTests.swift */; };
		A2A0DAD0268640F500A9022A /* StopwatchUITests.swift in Sources */ = {isa = PBXBuildFile; fileRef = A2A0DACF268640F500A9022A /* StopwatchUITests.swift */; };
/* End PBXBuildFile section */

/* Begin PBXContainerItemProxy section */
		A2A0DAC1268640F500A9022A /* PBXContainerItemProxy */ = {
			isa = PBXContainerItemProxy;
			containerPortal = A2A0DAA2268640F400A9022A /* Project object */;
			proxyType = 1;
			remoteGlobalIDString = A2A0DAA9268640F400A9022A;
			remoteInfo = Stopwatch;
		};
		A2A0DACC268640F500A9022A /* PBXContainerItemProxy */ = {
			isa = PBXContainerItemProxy;
			containerPortal = A2A0DAA2268640F400A9022A /* Project object */;
			proxyType = 1;
			remoteGlobalIDString = A2A0DAA9268640F400A9022A;
			remoteInfo = Stopwatch;
		};
/* End PBXContainerItemProxy section */

/* Begin PBXFileReference section */
		A2A0DAAA268640F400A9022A /* Stopwatch.app */ = {isa = PBXFileReference; explicitFileType = wrapper.application; includeInIndex = 0; path = Stopwatch.app; sourceTree = BUILT_PRODUCTS_DIR; };
		A2A0DAAD268640F400A9022A /* AppDelegate.swift */ = {isa = PBXFileReference; lastKnownFileType = sourcecode.swift; path = AppDelegate.swift; sourceTree = "<group>"; };
		A2A0DAAF268640F400A9022A /* SceneDelegate.swift */ = {isa = PBXFileReference; lastKnownFileType = sourcecode.swift; path = SceneDelegate.swift; sourceTree = "<group>"; };
		A2A0DAB1268640F400A9022A /* ViewController.swift */ = {isa = PBXFileReference; lastKnownFileType = sourcecode.swift; path = ViewController.swift; sourceTree = "<group>"; };
		A2A0DAB4268640F400A9022A /* Base */ = {isa = PBXFileReference; lastKnownFileType = file.storyboard; name = Base; path = Base.lproj/Main.storyboard; sourceTree = "<group>"; };
		A2A0DAB6268640F500A9022A /* Assets.xcassets */ = {isa = PBXFileReference; lastKnownFileType = folder.assetcatalog; path = Assets.xcassets; sourceTree = "<group>"; };
		A2A0DAB9268640F500A9022A /* Base */ = {isa = PBXFileReference; lastKnownFileType = file.storyboard; name = Base; path = Base.lproj/LaunchScreen.storyboard; sourceTree = "<group>"; };
		A2A0DABB268640F500A9022A /* Info.plist */ = {isa = PBXFileReference; lastKnownFileType = text.plist.xml; path = Info.plist; sourceTree = "<group>"; };
		A2A0DAC0268640F500A9022A /* StopwatchTests.xctest */ = {isa = PBXFileReference; explicitFileType = wrapper.cfbundle; includeInIndex = 0; path = StopwatchTests.xctest; sourceTree = BUILT_PRODUCTS_DIR; };
		A2A0DAC4268640F500A9022A /* StopwatchTests.swift */ = {isa = PBXFileReference; lastKnownFileType = sourcecode.swift; path = StopwatchTests.swift; sourceTree = "<group>"; };
		A2A0DAC6268640F500A9022A /* Info.plist */ = {isa = PBXFileReference; lastKnownFileType = text.plist.xml; path = Info.plist; sourceTree = "<group>"; };
		A2A0DACB268640F500A9022A /* StopwatchUITests.xctest */ = {isa = PBXFileReference; explicitFileType = wrapper.cfbundle; includeInIndex = 0; path = StopwatchUITests.xctest; sourceTree = BUILT_PRODUCTS_DIR; };
		A2A0DACF268640F500A9022A /* StopwatchUITests.swift */ = {isa = PBXFileReference; lastKnownFileType = sourcecode.swift; path = StopwatchUITests.swift; sourceTree = "<group>"; };
		A2A0DAD1268640F500A9022A /* Info.plist */ = {isa = PBXFileReference; lastKnownFileType = text.plist.xml; path = Info.plist; sourceTree = "<group>"; };
/* End PBXFileReference section */

/* Begin PBXFrameworksBuildPhase section */
		A2A0DAA7268640F400A9022A /* Frameworks */ = {
			isa = PBXFrameworksBuildPhase;
			buildActionMask = 2147483647;
			files = (
			);
			runOnlyForDeploymentPostprocessing = 0;
		};
		A2A0DABD268640F500A9022A /* Frameworks */ = {
			isa = PBXFrameworksBuildPhase;
			buildActionMask = 2147483647;
			files = (
			);
			runOnlyForDeploymentPostprocessing = 0;
		};
		A2A0DAC8268640F500A9022A /* Frameworks */ = {
			isa = PBXFrameworksBuildPhase;
			buildActionMask = 2147483647;
			files = (
			);
			runOnlyForDeploymentPostprocessing = 0;
		};
/* End PBXFrameworksBuildPhase section */

/* Begin PBXGroup section */
		A2A0DAA1268640F400A9022A = {
			isa = PBXGroup;
			children = (
				A2A0DAAC268640F400A9022A /* Stopwatch */,
				A2A0DAC3268640F500A9022A /* StopwatchTests */,
				A2A0DACE268640F500A9022A /* StopwatchUITests */,
				A2A0DAAB268640F400A9022A /* Products */,
			);
			sourceTree = "<group>";
		};
		A2A0DAAB268640F400A9022A /* Products */ = {
			isa = PBXGroup;
			children = (
				A2A0DAAA268640F400A9022A /* Stopwatch.app */,
				A2A0DAC0268640F500A9022A /* StopwatchTests.xctest */,
				A2A0DACB268640F500A9022A /* StopwatchUITests.xctest */,
			);
			name = Products;
			sourceTree = "<group>";
		};
		A2A0DAAC268640F400A9022A /* Stopwatch */ = {
			isa = PBXGroup;
			children = (
				A2A0DAAD268640F400A9022A /* AppDelegate.swift */,
				A2A0DAAF268640F400A9022A /* SceneDelegate.swift */,
				A2A0DAB1268640F400A9022A /* ViewController.swift */,
				A2A0DAB3268640F400A9022A /* Main.storyboard */,
				A2A0DAB6268640F500A9022A /* Assets.xcassets */,
				A2A0DAB8268640F500A9022A /* LaunchScreen.storyboard */,
				A2A0DABB268640F500A9022A /* Info.plist */,
			);
			path = Stopwatch;
			sourceTree = "<group>";
		};
		A2A0DAC3268640F500A9022A /* StopwatchTests */ = {
			isa = PBXGroup;
			children = (
				A2A0DAC4268640F500A9022A /* StopwatchTests.swift */,
				A2A0DAC6268640F500A9022A /* Info.plist */,
			);
			path = StopwatchTests;
			sourceTree = "<group>";
		};
		A2A0DACE268640F500A9022A /* StopwatchUITests */ = {
			isa = PBXGroup;
			children = (
				A2A0DACF268640F500A9022A /* StopwatchUITests.swift */,
				A2A0DAD1268640F500A9022A /* Info.plist */,
			);
			path = StopwatchUITests;
			sourceTree = "<group>";
		};
/* End PBXGroup section */

/* Begin PBXNativeTarget section */
		A2A0DAA9268640F400A9022A /* Stopwatch */ = {
			isa = PBXNativeTarget;
			buildConfigurationList = A2A0DAD4268640F500A9022A /* Build configuration list for PBXNativeTarget "Stopwatch" */;
			buildPhases = (
				A2A0DAA6268640F400A9022A /* Sources */,
				A2A0DAA7268640F400A9022A /* Frameworks */,
				A2A0DAA8268640F400A9022A /* Resources */,
			);
			buildRules = (
			);
			dependencies = (
			);
			name = Stopwatch;
			productName = Stopwatch;
			productReference = A2A0DAAA268640F400A9022A /* Stopwatch.app */;
			productType = "com.apple.product-type.application";
		};
		A2A0DABF268640F500A9022A /* StopwatchTests */ = {
			isa = PBXNativeTarget;
			buildConfigurationList = A2A0DAD7268640F500A9022A /* Build configuration list for PBXNativeTarget "StopwatchTests" */;
			buildPhases = (
				A2A0DABC268640F500A9022A /* Sources */,
				A2A0DABD268640F500A9022A /* Frameworks */,
				A2A0DABE268640F500A9022A /* Resources */,
			);
			buildRules = (
			);
			dependencies = (
				A2A0DAC2268640F500A9022A /* PBXTargetDependency */,
			);
			name = StopwatchTests;
			productName = StopwatchTests;
			productReference = A2A0DAC0268640F500A9022A /* StopwatchTests.xctest */;
			productType = "com.apple.product-type.bundle.unit-test";
		};
		A2A0DACA268640F500A9022A /* StopwatchUITests */ = {
			isa = PBXNativeTarget;
			buildConfigurationList = A2A0DADA268640F500A9022A /* Build configuration list for PBXNativeTarget "StopwatchUITests" */;
			buildPhases = (
				A2A0DAC7268640F500A9022A /* Sources */,
				A2A0DAC8268640F500A9022A /* Frameworks */,
				A2A0DAC9268640F500A9022A /* Resources */,
			);
			buildRules = (
			);
			dependencies = (
				A2A0DACD268640F500A9022A /* PBXTargetDependency */,
			);
			name = StopwatchUITests;
			productName = StopwatchUITests;
			productReference = A2A0DACB268640F500A9022A /* StopwatchUITests.xctest */;
			productType = "com.apple.product-type.bundle.ui-testing";
		};
/* End PBXNativeTarget section */

/* Begin PBXProject section */
		A2A0DAA2268640F400A9022A /* Project object */ = {
			isa = PBXProject;
			attributes = {
				LastSwiftUpdateCheck = 1240;
				LastUpgradeCheck = 1240;
				TargetAttributes = {
					A2A0DAA9268640F400A9022A = {
						CreatedOnToolsVersion = 12.4;
					};
					A2A0DABF268640F500A9022A = {
						CreatedOnToolsVersion = 12.4;
						TestTargetID = A2A0DAA9268640F400A9022A;
					};
					A2A0DACA268640F500A9022A = {
						CreatedOnToolsVersion = 12.4;
						TestTargetID = A2A0DAA9268640F400A9022A;
					};
				};
			};
			buildConfigurationList = A2A0DAA5268640F400A9022A /* Build configuration list for PBXProject "Stopwatch" */;
			compatibilityVersion = "Xcode 9.3";
			developmentRegion = en;
			hasScannedForEncodings = 0;
			knownRegions = (
				en,
				Base,
			);
			mainGroup = A2A0DAA1268640F400A9022A;
			productRefGroup = A2A0DAAB268640F400A9022A /* Products */;
			projectDirPath = "";
			projectRoot = "";
			targets = (
				A2A0DAA9268640F400A9022A /* Stopwatch */,
				A2A0DABF268640F500A9022A /* StopwatchTests */,
				A2A0DACA268640F500A9022A /* StopwatchUITests */,
			);
		};
/* End PBXProject section */

/* Begin PBXResourcesBuildPhase section */
		A2A0DAA8268640F400A9022A /* Resources */ = {
			isa = PBXResourcesBuildPhase;
			buildActionMask = 2147483647;
			files = (
				A2A0DABA268640F500A9022A /* LaunchScreen.storyboard in Resources */,
				A2A0DAB7268640F500A9022A /* Assets.xcassets in Resources */,
				A2A0DAB5268640F400A9022A /* Main.storyboard in Resources */,
			);
			runOnlyForDeploymentPostprocessing = 0;
		};
		A2A0DABE268640F500A9022A /* Resources */ = {
			isa = PBXResourcesBuildPhase;
			buildActionMask = 2147483647;
			files = (
			);
			runOnlyForDeploymentPostprocessing = 0;
		};
		A2A0DAC9268640F500A9022A /* Resources */ = {
			isa = PBXResourcesBuildPhase;
			buildActionMask = 2147483647;
			files = (
			);
			runOnlyForDeploymentPostprocessing = 0;
		};
/* End PBXResourcesBuildPhase section */

/* Begin PBXSourcesBuildPhase section */
		A2A0DAA6268640F400A9022A /* Sources */ = {
			isa = PBXSourcesBuildPhase;
			buildActionMask = 2147483647;
			files = (
				A2A0DAB2268640F400A9022A /* ViewController.swift in Sources */,
				A2A0DAAE268640F400A9022A /* AppDelegate.swift in Sources */,
				A2A0DAB0268640F400A9022A /* SceneDelegate.swift in Sources */,
			);
			runOnlyForDeploymentPostprocessing = 0;
		};
		A2A0DABC268640F500A9022A /* Sources */ = {
			isa = PBXSourcesBuildPhase;
			buildActionMask = 2147483647;
			files = (
				A2A0DAC5268640F500A9022A /* StopwatchTests.swift in Sources */,
			);
			runOnlyForDeploymentPostprocessing = 0;
		};
		A2A0DAC7268640F500A9022A /* Sources */ = {
			isa = PBXSourcesBuildPhase;
			buildActionMask = 2147483647;
			files = (
				A2A0DAD0268640F500A9022A /* StopwatchUITests.swift in Sources */,
			);
			runOnlyForDeploymentPostprocessing = 0;
		};
/* End PBXSourcesBuildPhase section */

/* Begin PBXTargetDependency section */
		A2A0DAC2268640F500A9022A /* PBXTargetDependency */ = {
			isa = PBXTargetDependency;
			target = A2A0DAA9268640F400A9022A /* Stopwatch */;
			targetProxy = A2A0DAC1268640F500A9022A /* PBXContainerItemProxy */;
		};
		A2A0DACD268640F500A9022A /* PBXTargetDependency */ = {
			isa = PBXTargetDependency;
			target = A2A0DAA9268640F400A9022A /* Stopwatch */;
			targetProxy = A2A0DACC268640F500A9022A /* PBXContainerItemProxy */;
		};
/* End PBXTargetDependency section */

/* Begin PBXVariantGroup section */
		A2A0DAB3268640F400A9022A /* Main.storyboard */ = {
			isa = PBXVariantGroup;
			children = (
				A2A0DAB4268640F400A9022A /* Base */,
			);
			name = Main.storyboard;
			sourceTree = "<group>";
		};
		A2A0DAB8268640F500A9022A /* LaunchScreen.storyboard */ = {
			isa = PBXVariantGroup;
			children = (
				A2A0DAB9268640F500A9022A /* Base */,
			);
			name = LaunchScreen.storyboard;
			sourceTree = "<group>";
		};
/* End PBXVariantGroup section */

/* Begin XCBuildConfiguration section */
		A2A0DAD2268640F500A9022A /* Debug */ = {
			isa = XCBuildConfiguration;
			buildSettings = {
				ALWAYS_SEARCH_USER_PATHS = NO;
				CLANG_ANALYZER_NONNULL = YES;
				CLANG_ANALYZER_NUMBER_OBJECT_CONVERSION = YES_AGGRESSIVE;
				CLANG_CXX_LANGUAGE_STANDARD = "gnu++14";
				CLANG_CXX_LIBRARY = "libc++";
				CLANG_ENABLE_MODULES = YES;
				CLANG_ENABLE_OBJC_ARC = YES;
				CLANG_ENABLE_OBJC_WEAK = YES;
				CLANG_WARN_BLOCK_CAPTURE_AUTORELEASING = YES;
				CLANG_WARN_BOOL_CONVERSION = YES;
				CLANG_WARN_COMMA = YES;
				CLANG_WARN_CONSTANT_CONVERSION = YES;
				CLANG_WARN_DEPRECATED_OBJC_IMPLEMENTATIONS = YES;
				CLANG_WARN_DIRECT_OBJC_ISA_USAGE = YES_ERROR;
				CLANG_WARN_DOCUMENTATION_COMMENTS = YES;
				CLANG_WARN_EMPTY_BODY = YES;
				CLANG_WARN_ENUM_CONVERSION = YES;
				CLANG_WARN_INFINITE_RECURSION = YES;
				CLANG_WARN_INT_CONVERSION = YES;
				CLANG_WARN_NON_LITERAL_NULL_CONVERSION = YES;
				CLANG_WARN_OBJC_IMPLICIT_RETAIN_SELF = YES;
				CLANG_WARN_OBJC_LITERAL_CONVERSION = YES;
				CLANG_WARN_OBJC_ROOT_CLASS = YES_ERROR;
				CLANG_WARN_QUOTED_INCLUDE_IN_FRAMEWORK_HEADER = YES;
				CLANG_WARN_RANGE_LOOP_ANALYSIS = YES;
				CLANG_WARN_STRICT_PROTOTYPES = YES;
				CLANG_WARN_SUSPICIOUS_MOVE = YES;
				CLANG_WARN_UNGUARDED_AVAILABILITY = YES_AGGRESSIVE;
				CLANG_WARN_UNREACHABLE_CODE = YES;
				CLANG_WARN__DUPLICATE_METHOD_MATCH = YES;
				COPY_PHASE_STRIP = NO;
				DEBUG_INFORMATION_FORMAT = dwarf;
				ENABLE_STRICT_OBJC_MSGSEND = YES;
				ENABLE_TESTABILITY = YES;
				GCC_C_LANGUAGE_STANDARD = gnu11;
				GCC_DYNAMIC_NO_PIC = NO;
				GCC_NO_COMMON_BLOCKS = YES;
				GCC_OPTIMIZATION_LEVEL = 0;
				GCC_PREPROCESSOR_DEFINITIONS = (
					"DEBUG=1",
					"$(inherited)",
				);
				GCC_WARN_64_TO_32_BIT_CONVERSION = YES;
				GCC_WARN_ABOUT_RETURN_TYPE = YES_ERROR;
				GCC_WARN_UNDECLARED_SELECTOR = YES;
				GCC_WARN_UNINITIALIZED_AUTOS = YES_AGGRESSIVE;
				GCC_WARN_UNUSED_FUNCTION = YES;
				GCC_WARN_UNUSED_VARIABLE = YES;
				IPHONEOS_DEPLOYMENT_TARGET = 14.4;
				MTL_ENABLE_DEBUG_INFO = INCLUDE_SOURCE;
				MTL_FAST_MATH = YES;
				ONLY_ACTIVE_ARCH = YES;
				SDKROOT = iphoneos;
				SWIFT_ACTIVE_COMPILATION_CONDITIONS = DEBUG;
				SWIFT_OPTIMIZATION_LEVEL = "-Onone";
			};
			name = Debug;
		};
		A2A0DAD3268640F500A9022A /* Release */ = {
			isa = XCBuildConfiguration;
			buildSettings = {
				ALWAYS_SEARCH_USER_PATHS = NO;
				CLANG_ANALYZER_NONNULL = YES;
				CLANG_ANALYZER_NUMBER_OBJECT_CONVERSION = YES_AGGRESSIVE;
				CLANG_CXX_LANGUAGE_STANDARD = "gnu++14";
				CLANG_CXX_LIBRARY = "libc++";
				CLANG_ENABLE_MODULES = YES;
				CLANG_ENABLE_OBJC_ARC = YES;
				CLANG_ENABLE_OBJC_WEAK = YES;
				CLANG_WARN_BLOCK_CAPTURE_AUTORELEASING = YES;
				CLANG_WARN_BOOL_CONVERSION = YES;
				CLANG_WARN_COMMA = YES;
				CLANG_WARN_CONSTANT_CONVERSION = YES;
				CLANG_WARN_DEPRECATED_OBJC_IMPLEMENTATIONS = YES;
				CLANG_WARN_DIRECT_OBJC_ISA_USAGE = YES_ERROR;
				CLANG_WARN_DOCUMENTATION_COMMENTS = YES;
				CLANG_WARN_EMPTY_BODY = YES;
				CLANG_WARN_ENUM_CONVERSION = YES;
				CLANG_WARN_INFINITE_RECURSION = YES;
				CLANG_WARN_INT_CONVERSION = YES;
				CLANG_WARN_NON_LITERAL_NULL_CONVERSION = YES;
				CLANG_WARN_OBJC_IMPLICIT_RETAIN_SELF = YES;
				CLANG_WARN_OBJC_LITERAL_CONVERSION = YES;
				CLANG_WARN_OBJC_ROOT_CLASS = YES_ERROR;
				CLANG_WARN_QUOTED_INCLUDE_IN_FRAMEWORK_HEADER = YES;
				CLANG_WARN_RANGE_LOOP_ANALYSIS = YES;
				CLANG_WARN_STRICT_PROTOTYPES = YES;
				CLANG_WARN_SUSPICIOUS_MOVE = YES;
				CLANG_WARN_UNGUARDED_AVAILABILITY = YES_AGGRESSIVE;
				CLANG_WARN_UNREACHABLE_CODE = YES;
				CLANG_WARN__DUPLICATE_METHOD_MATCH = YES;
				COPY_PHASE_STRIP = NO;
				DEBUG_INFORMATION_FORMAT = "dwarf-with-dsym";
				ENABLE_NS_ASSERTIONS = NO;
				ENABLE_STRICT_OBJC_MSGSEND = YES;
				GCC_C_LANGUAGE_STANDARD = gnu11;
				GCC_NO_COMMON_BLOCKS = YES;
				GCC_WARN_64_TO_32_BIT_CONVERSION = YES;
				GCC_WARN_ABOUT_RETURN_TYPE = YES_ERROR;
				GCC_WARN_UNDECLARED_SELECTOR = YES;
				GCC_WARN_UNINITIALIZED_AUTOS = YES_AGGRESSIVE;
				GCC_WARN_UNUSED_FUNCTION = YES;
				GCC_WARN_UNUSED_VARIABLE = YES;
				IPHONEOS_DEPLOYMENT_TARGET = 14.4;
				MTL_ENABLE_DEBUG_INFO = NO;
				MTL_FAST_MATH = YES;
				SDKROOT = iphoneos;
				SWIFT_COMPILATION_MODE = wholemodule;
				SWIFT_OPTIMIZATION_LEVEL = "-O";
				VALIDATE_PRODUCT = YES;
			};
			name = Release;
		};
		A2A0DAD5268640F500A9022A /* Debug */ = {
			isa = XCBuildConfiguration;
			buildSettings = {
				ASSETCATALOG_COMPILER_APPICON_NAME = AppIcon;
				ASSETCATALOG_COMPILER_GLOBAL_ACCENT_COLOR_NAME = AccentColor;
				CODE_SIGN_STYLE = Automatic;
				INFOPLIST_FILE = Stopwatch/Info.plist;
				LD_RUNPATH_SEARCH_PATHS = (
					"$(inherited)",
					"@executable_path/Frameworks",
				);
				PRODUCT_BUNDLE_IDENTIFIER = com.myApps.Stopwatch;
				PRODUCT_NAME = "$(TARGET_NAME)";
				SWIFT_VERSION = 5.0;
				TARGETED_DEVICE_FAMILY = "1,2";
			};
			name = Debug;
		};
		A2A0DAD6268640F500A9022A /* Release */ = {
			isa = XCBuildConfiguration;
			buildSettings = {
				ASSETCATALOG_COMPILER_APPICON_NAME = AppIcon;
				ASSETCATALOG_COMPILER_GLOBAL_ACCENT_COLOR_NAME = AccentColor;
				CODE_SIGN_STYLE = Automatic;
				INFOPLIST_FILE = Stopwatch/Info.plist;
				LD_RUNPATH_SEARCH_PATHS = (
					"$(inherited)",
					"@executable_path/Frameworks",
				);
				PRODUCT_BUNDLE_IDENTIFIER = com.myApps.Stopwatch;
				PRODUCT_NAME = "$(TARGET_NAME)";
				SWIFT_VERSION = 5.0;
				TARGETED_DEVICE_FAMILY = "1,2";
			};
			name = Release;
		};
		A2A0DAD8268640F500A9022A /* Debug */ = {
			isa = XCBuildConfiguration;
			buildSettings = {
				ALWAYS_EMBED_SWIFT_STANDARD_LIBRARIES = YES;
				BUNDLE_LOADER = "$(TEST_HOST)";
				CODE_SIGN_STYLE = Automatic;
				INFOPLIST_FILE = StopwatchTests/Info.plist;
				IPHONEOS_DEPLOYMENT_TARGET = 14.4;
				LD_RUNPATH_SEARCH_PATHS = (
					"$(inherited)",
					"@executable_path/Frameworks",
					"@loader_path/Frameworks",
				);
				PRODUCT_BUNDLE_IDENTIFIER = com.myApps.StopwatchTests;
				PRODUCT_NAME = "$(TARGET_NAME)";
				SWIFT_VERSION = 5.0;
				TARGETED_DEVICE_FAMILY = "1,2";
				TEST_HOST = "$(BUILT_PRODUCTS_DIR)/Stopwatch.app/Stopwatch";
			};
			name = Debug;
		};
		A2A0DAD9268640F500A9022A /* Release */ = {
			isa = XCBuildConfiguration;
			buildSettings = {
				ALWAYS_EMBED_SWIFT_STANDARD_LIBRARIES = YES;
				BUNDLE_LOADER = "$(TEST_HOST)";
				CODE_SIGN_STYLE = Automatic;
				INFOPLIST_FILE = StopwatchTests/Info.plist;
				IPHONEOS_DEPLOYMENT_TARGET = 14.4;
				LD_RUNPATH_SEARCH_PATHS = (
					"$(inherited)",
					"@executable_path/Frameworks",
					"@loader_path/Frameworks",
				);
				PRODUCT_BUNDLE_IDENTIFIER = com.myApps.StopwatchTests;
				PRODUCT_NAME = "$(TARGET_NAME)";
				SWIFT_VERSION = 5.0;
				TARGETED_DEVICE_FAMILY = "1,2";
				TEST_HOST = "$(BUILT_PRODUCTS_DIR)/Stopwatch.app/Stopwatch";
			};
			name = Release;
		};
		A2A0DADB268640F500A9022A /* Debug */ = {
			isa = XCBuildConfiguration;
			buildSettings = {
				ALWAYS_EMBED_SWIFT_STANDARD_LIBRARIES = YES;
				CODE_SIGN_STYLE = Automatic;
				INFOPLIST_FILE = StopwatchUITests/Info.plist;
				LD_RUNPATH_SEARCH_PATHS = (
					"$(inherited)",
					"@executable_path/Frameworks",
					"@loader_path/Frameworks",
				);
				PRODUCT_BUNDLE_IDENTIFIER = com.myApps.StopwatchUITests;
				PRODUCT_NAME = "$(TARGET_NAME)";
				SWIFT_VERSION = 5.0;
				TARGETED_DEVICE_FAMILY = "1,2";
				TEST_TARGET_NAME = Stopwatch;
			};
			name = Debug;
		};
		A2A0DADC268640F500A9022A /* Release */ = {
			isa = XCBuildConfiguration;
			buildSettings = {
				ALWAYS_EMBED_SWIFT_STANDARD_LIBRARIES = YES;
				CODE_SIGN_STYLE = Automatic;
				INFOPLIST_FILE = StopwatchUITests/Info.plist;
				LD_RUNPATH_SEARCH_PATHS = (
					"$(inherited)",
					"@executable_path/Frameworks",
					"@loader_path/Frameworks",
				);
				PRODUCT_BUNDLE_IDENTIFIER = com.myApps.StopwatchUITests;
				PRODUCT_NAME = "$(TARGET_NAME)";
				SWIFT_VERSION = 5.0;
				TARGETED_DEVICE_FAMILY = "1,2";
				TEST_TARGET_NAME = Stopwatch;
			};
			name = Release;
		};
/* End XCBuildConfiguration section */

/* Begin XCConfigurationList section */
		A2A0DAA5268640F400A9022A /* Build configuration list for PBXProject "Stopwatch" */ = {
			isa = XCConfigurationList;
			buildConfigurations = (
				A2A0DAD2268640F500A9022A /* Debug */,
				A2A0DAD3268640F500A9022A /* Release */,
			);
			defaultConfigurationIsVisible = 0;
			defaultConfigurationName = Release;
		};
		A2A0DAD4268640F500A9022A /* Build configuration list for PBXNativeTarget "Stopwatch" */ = {
			isa = XCConfigurationList;
			buildConfigurations = (
				A2A0DAD5268640F500A9022A /* Debug */,
				A2A0DAD6268640F500A9022A /* Release */,
			);
			defaultConfigurationIsVisible = 0;
			defaultConfigurationName = Release;
		};
		A2A0DAD7268640F500A9022A /* Build configuration list for PBXNativeTarget "StopwatchTests" */ = {
			isa = XCConfigurationList;
			buildConfigurations = (
				A2A0DAD8268640F500A9022A /* Debug */,
				A2A0DAD9268640F500A9022A /* Release */,
			);
			defaultConfigurationIsVisible = 0;
			defaultConfigurationName = Release;
		};
		A2A0DADA268640F500A9022A /* Build configuration list for PBXNativeTarget "StopwatchUITests" */ = {
			isa = XCConfigurationList;
			buildConfigurations = (
				A2A0DADB268640F500A9022A /* Debug */,
				A2A0DADC268640F500A9022A /* Release */,
			);
			defaultConfigurationIsVisible = 0;
			defaultConfigurationName = Release;
		};
/* End XCConfigurationList section */
	};
	rootObject = A2A0DAA2268640F400A9022A /* Project object */;
}
